Microsoft Visual Studio Solution File, Format Version 9.00
# Visual Studio 2005
Project("{FAE04EC0-301F-11D3-BF4B-00C04F79EFBC}") = "GameserverPanel", "GameserverPanel.csproj", "{4502771A-C317-4A6B-AB90-329A919B3AC4}"
EndProject
Project("{FAE04EC0-301F-11D3-BF4B-00C04F79EFBC}") = "regsvrnet", "installer\regsvrnet\regsvrnet.csproj", "{BD89DE6D-BFED-4357-8614-89B5D9CB243E}"
EndProject
Global
	GlobalSection(SolutionConfigurationPlatforms) = preSolution
		Debug|Any CPU = Debug|Any CPU
		Release|Any CPU = Release|Any CPU
	EndGlobalSection
	GlobalSection(ProjectConfigurationPlatforms) = postSolution
		{4502771A-C317-4A6B-AB90-329A919B3AC4}.Debug|Any CPU.ActiveCfg = Debug|Any CPU
		{4502771A-C317-4A6B-AB90-329A919B3AC4}.Debug|Any CPU.Build.0 = Debug|Any CPU
		{4502771A-C317-4A6B-AB90-329A919B3AC4}.Release|Any CPU.ActiveCfg = Release|Any CPU
		{4502771A-C317-4A6B-AB90-329A919B3AC4}.Release|Any CPU.Build.0 = Release|Any CPU
		{BD89DE6D-BFED-4357-8614-89B5D9CB243E}.Debug|Any CPU.ActiveCfg = Debug|Any CPU
		{BD89DE6D-BFED-4357-8614-89B5D9CB243E}.Debug|Any CPU.Build.0 = Debug|Any CPU
		{BD89DE6D-BFED-4357-8614-89B5D9CB243E}.Release|Any CPU.ActiveCfg = Release|Any CPU
		{BD89DE6D-BFED-4357-8614-89B5D9CB243E}.Release|Any CPU.Build.0 = Release|Any CPU
	EndGlobalSection
	GlobalSection(SolutionProperties) = preSolution
		HideSolutionNode = FALSE
	EndGlobalSection
EndGlobal
