Microsoft Visual Studio Solution File, Format Version 8.00
Project("{FAE04EC0-301F-11D3-BF4B-00C04F79EFBC}") = "GameserverPanel", "GameserverPanel.csproj", "{4502771A-C317-4A6B-AB90-329A919B3AC4}"
	ProjectSection(ProjectDependencies) = postProject
	EndProjectSection
EndProject
Project("{FAE04EC0-301F-11D3-BF4B-00C04F79EFBC}") = "regsvrnet", "installer\regsvrnet\regsvrnet.csproj", "{BD89DE6D-BFED-4357-8614-89B5D9CB243E}"
	ProjectSection(ProjectDependencies) = postProject
	EndProjectSection
EndProject
Global
	GlobalSection(SolutionConfiguration) = preSolution
		Debug = Debug
		Release = Release
	EndGlobalSection
	GlobalSection(ProjectConfiguration) = postSolution
		{4502771A-C317-4A6B-AB90-329A919B3AC4}.Debug.ActiveCfg = Debug|.NET
		{4502771A-C317-4A6B-AB90-329A919B3AC4}.Debug.Build.0 = Debug|.NET
		{4502771A-C317-4A6B-AB90-329A919B3AC4}.Release.ActiveCfg = Release|.NET
		{4502771A-C317-4A6B-AB90-329A919B3AC4}.Release.Build.0 = Release|.NET
		{BD89DE6D-BFED-4357-8614-89B5D9CB243E}.Debug.ActiveCfg = Debug|.NET
		{BD89DE6D-BFED-4357-8614-89B5D9CB243E}.Debug.Build.0 = Debug|.NET
		{BD89DE6D-BFED-4357-8614-89B5D9CB243E}.Release.ActiveCfg = Release|.NET
		{BD89DE6D-BFED-4357-8614-89B5D9CB243E}.Release.Build.0 = Release|.NET
	EndGlobalSection
	GlobalSection(ExtensibilityGlobals) = postSolution
	EndGlobalSection
	GlobalSection(ExtensibilityAddIns) = postSolution
	EndGlobalSection
EndGlobal
